
Microsoft Visual Studio Solution File, Format Version 12.00
# Visual Studio Version 16
VisualStudioVersion = 16.0.29306.81
MinimumVisualStudioVersion = 10.0.40219.1
Project("{9A19103F-16F7-4668-BE54-9A1E7A4F7556}") = "ProjectManager", "ReactProjectrManagement\ProjectManager.csproj", "{C8E3BFDB-7DA0-47B7-8DAB-977A8B18FC52}"
EndProject
Global
	GlobalSection(SolutionConfigurationPlatforms) = preSolution
		Debug|Any CPU = Debug|Any CPU
		Release|Any CPU = Release|Any CPU
	EndGlobalSection
	GlobalSection(ProjectConfigurationPlatforms) = postSolution
		{C8E3BFDB-7DA0-47B7-8DAB-977A8B18FC52}.Debug|Any CPU.ActiveCfg = Debug|Any CPU
		{C8E3BFDB-7DA0-47B7-8DAB-977A8B18FC52}.Debug|Any CPU.Build.0 = Debug|Any CPU
		{C8E3BFDB-7DA0-47B7-8DAB-977A8B18FC52}.Release|Any CPU.ActiveCfg = Release|Any CPU
		{C8E3BFDB-7DA0-47B7-8DAB-977A8B18FC52}.Release|Any CPU.Build.0 = Release|Any CPU
	EndGlobalSection
	GlobalSection(SolutionProperties) = preSolution
		HideSolutionNode = FALSE
	EndGlobalSection
	GlobalSection(ExtensibilityGlobals) = postSolution
		SolutionGuid = {F4DCA719-69C6-48CA-A7C0-C02929D03A08}
	EndGlobalSection
EndGlobal
